
Microsoft Visual Studio Solution File, Format Version 12.00
# Visual Studio Version 16
VisualStudioVersion = 16.0.31402.337
MinimumVisualStudioVersion = 10.0.40219.1
Project("{9A19103F-16F7-4668-BE54-9A1E7A4F7556}") = "ClassLibrary1", "ClassLibrary1\ClassLibrary1.csproj", "{D356ABA3-FD27-4A73-8F1C-454F1B13C62A}"
EndProject
Project("{FAE04EC0-301F-11D3-BF4B-00C04F79EFBC}") = "MyFirstConsoleApp", "ConsoleApp2\MyFirstConsoleApp.csproj", "{51B2BAE3-46C7-4ADA-9A12-05108A0D7CC8}"
EndProject
Global
	GlobalSection(SolutionConfigurationPlatforms) = preSolution
		Debug|Any CPU = Debug|Any CPU
		Release|Any CPU = Release|Any CPU
	EndGlobalSection
	GlobalSection(ProjectConfigurationPlatforms) = postSolution
		{D356ABA3-FD27-4A73-8F1C-454F1B13C62A}.Debug|Any CPU.ActiveCfg = Debug|Any CPU
		{D356ABA3-FD27-4A73-8F1C-454F1B13C62A}.Debug|Any CPU.Build.0 = Debug|Any CPU
		{D356ABA3-FD27-4A73-8F1C-454F1B13C62A}.Release|Any CPU.ActiveCfg = Release|Any CPU
		{D356ABA3-FD27-4A73-8F1C-454F1B13C62A}.Release|Any CPU.Build.0 = Release|Any CPU
		{51B2BAE3-46C7-4ADA-9A12-05108A0D7CC8}.Debug|Any CPU.ActiveCfg = Debug|Any CPU
		{51B2BAE3-46C7-4ADA-9A12-05108A0D7CC8}.Debug|Any CPU.Build.0 = Debug|Any CPU
		{51B2BAE3-46C7-4ADA-9A12-05108A0D7CC8}.Release|Any CPU.ActiveCfg = Release|Any CPU
		{51B2BAE3-46C7-4ADA-9A12-05108A0D7CC8}.Release|Any CPU.Build.0 = Release|Any CPU
	EndGlobalSection
	GlobalSection(SolutionProperties) = preSolution
		HideSolutionNode = FALSE
	EndGlobalSection
	GlobalSection(ExtensibilityGlobals) = postSolution
		SolutionGuid = {BCCB1531-B78D-469C-AFB1-F2829FAED96B}
	EndGlobalSection
EndGlobal
